// !$*UTF8*$!
{
	archiveVersion = 1;
	classes = {
	};
	objectVersion = 50;
	objects = {

/* Begin PBXBuildFile section */
		D8E95EDD2432583000A2FCCD /* AppDelegate.swift in Sources */ = {isa = PBXBuildFile; fileRef = D8E95EDC2432583000A2FCCD /* AppDelegate.swift */; };
		D8E95EDF2432583000A2FCCD /* SceneDelegate.swift in Sources */ = {isa = PBXBuildFile; fileRef = D8E95EDE2432583000A2FCCD /* SceneDelegate.swift */; };
		D8E95EE12432583000A2FCCD /* MainViewController.swift in Sources */ = {isa = PBXBuildFile; fileRef = D8E95EE02432583000A2FCCD /* MainViewController.swift */; };
		D8E95EE42432583000A2FCCD /* Main.storyboard in Resources */ = {isa = PBXBuildFile; fileRef = D8E95EE22432583000A2FCCD /* Main.storyboard */; };
		D8E95EE62432583200A2FCCD /* Assets.xcassets in Resources */ = {isa = PBXBuildFile; fileRef = D8E95EE52432583200A2FCCD /* Assets.xcassets */; };
		D8E95EE92432583200A2FCCD /* LaunchScreen.storyboard in Resources */ = {isa = PBXBuildFile; fileRef = D8E95EE72432583200A2FCCD /* LaunchScreen.storyboard */; };
		D8E95EF32432641100A2FCCD /* OnBoardingViewController.swift in Sources */ = {isa = PBXBuildFile; fileRef = D8E95EF22432641100A2FCCD /* OnBoardingViewController.swift */; };
/* End PBXBuildFile section */

/* Begin PBXFileReference section */
		D8E95ED92432583000A2FCCD /* MultipleView.app */ = {isa = PBXFileReference; explicitFileType = wrapper.application; includeInIndex = 0; path = MultipleView.app; sourceTree = BUILT_PRODUCTS_DIR; };
		D8E95EDC2432583000A2FCCD /* AppDelegate.swift */ = {isa = PBXFileReference; lastKnownFileType = sourcecode.swift; path = AppDelegate.swift; sourceTree = "<group>"; };
		D8E95EDE2432583000A2FCCD /* SceneDelegate.swift */ = {isa = PBXFileReference; lastKnownFileType = sourcecode.swift; path = SceneDelegate.swift; sourceTree = "<group>"; };
		D8E95EE02432583000A2FCCD /* MainViewController.swift */ = {isa = PBXFileReference; lastKnownFileType = sourcecode.swift; path = MainViewController.swift; sourceTree = "<group>"; };
		D8E95EE32432583000A2FCCD /* Base */ = {isa = PBXFileReference; lastKnownFileType = file.storyboard; name = Base; path = Base.lproj/Main.storyboard; sourceTree = "<group>"; };
		D8E95EE52432583200A2FCCD /* Assets.xcassets */ = {isa = PBXFileReference; lastKnownFileType = folder.assetcatalog; path = Assets.xcassets; sourceTree = "<group>"; };
		D8E95EE82432583200A2FCCD /* Base */ = {isa = PBXFileReference; lastKnownFileType = file.storyboard; name = Base; path = Base.lproj/LaunchScreen.storyboard; sourceTree = "<group>"; };
		D8E95EEA2432583200A2FCCD /* Info.plist */ = {isa = PBXFileReference; lastKnownFileType = text.plist.xml; path = Info.plist; sourceTree = "<group>"; };
		D8E95EF22432641100A2FCCD /* OnBoardingViewController.swift */ = {isa = PBXFileReference; lastKnownFileType = sourcecode.swift; path = OnBoardingViewController.swift; sourceTree = "<group>"; };
/* End PBXFileReference section */

/* Begin PBXFrameworksBuildPhase section */
		D8E95ED62432583000A2FCCD /* Frameworks */ = {
			isa = PBXFrameworksBuildPhase;
			buildActionMask = 2147483647;
			files = (
			);
			runOnlyForDeploymentPostprocessing = 0;
		};
/* End PBXFrameworksBuildPhase section */

/* Begin PBXGroup section */
		D8E95ED02432583000A2FCCD = {
			isa = PBXGroup;
			children = (
				D8E95EDB2432583000A2FCCD /* MultipleView */,
				D8E95EDA2432583000A2FCCD /* Products */,
			);
			sourceTree = "<group>";
		};
		D8E95EDA2432583000A2FCCD /* Products */ = {
			isa = PBXGroup;
			children = (
				D8E95ED92432583000A2FCCD /* MultipleView.app */,
			);
			name = Products;
			sourceTree = "<group>";
		};
		D8E95EDB2432583000A2FCCD /* MultipleView */ = {
			isa = PBXGroup;
			children = (
				D8E95EDC2432583000A2FCCD /* AppDelegate.swift */,
				D8E95EDE2432583000A2FCCD /* SceneDelegate.swift */,
				D8E95EE02432583000A2FCCD /* MainViewController.swift */,
				D8E95EF22432641100A2FCCD /* OnBoardingViewController.swift */,
				D8E95EE22432583000A2FCCD /* Main.storyboard */,
				D8E95EE52432583200A2FCCD /* Assets.xcassets */,
				D8E95EE72432583200A2FCCD /* LaunchScreen.storyboard */,
				D8E95EEA2432583200A2FCCD /* Info.plist */,
			);
			path = MultipleView;
			sourceTree = "<group>";
		};
/* End PBXGroup section */

/* Begin PBXNativeTarget section */
		D8E95ED82432583000A2FCCD /* MultipleView */ = {
			isa = PBXNativeTarget;
			buildConfigurationList = D8E95EED2432583200A2FCCD /* Build configuration list for PBXNativeTarget "MultipleView" */;
			buildPhases = (
				D8E95ED52432583000A2FCCD /* Sources */,
				D8E95ED62432583000A2FCCD /* Frameworks */,
				D8E95ED72432583000A2FCCD /* Resources */,
			);
			buildRules = (
			);
			dependencies = (
			);
			name = MultipleView;
			productName = MultipleView;
			productReference = D8E95ED92432583000A2FCCD /* MultipleView.app */;
			productType = "com.apple.product-type.application";
		};
/* End PBXNativeTarget section */

/* Begin PBXProject section */
		D8E95ED12432583000A2FCCD /* Project object */ = {
			isa = PBXProject;
			attributes = {
				LastSwiftUpdateCheck = 1140;
				LastUpgradeCheck = 1140;
				ORGANIZATIONNAME = "Jinqi Li";
				TargetAttributes = {
					D8E95ED82432583000A2FCCD = {
						CreatedOnToolsVersion = 11.4;
					};
				};
			};
			buildConfigurationList = D8E95ED42432583000A2FCCD /* Build configuration list for PBXProject "MultipleView" */;
			compatibilityVersion = "Xcode 9.3";
			developmentRegion = en;
			hasScannedForEncodings = 0;
			knownRegions = (
				en,
				Base,
			);
			mainGroup = D8E95ED02432583000A2FCCD;
			productRefGroup = D8E95EDA2432583000A2FCCD /* Products */;
			projectDirPath = "";
			projectRoot = "";
			targets = (
				D8E95ED82432583000A2FCCD /* MultipleView */,
			);
		};
/* End PBXProject section */

/* Begin PBXResourcesBuildPhase section */
		D8E95ED72432583000A2FCCD /* Resources */ = {
			isa = PBXResourcesBuildPhase;
			buildActionMask = 2147483647;
			files = (
				D8E95EE92432583200A2FCCD /* LaunchScreen.storyboard in Resources */,
				D8E95EE62432583200A2FCCD /* Assets.xcassets in Resources */,
				D8E95EE42432583000A2FCCD /* Main.storyboard in Resources */,
			);
			runOnlyForDeploymentPostprocessing = 0;
		};
/* End PBXResourcesBuildPhase section */

/* Begin PBXSourcesBuildPhase section */
		D8E95ED52432583000A2FCCD /* Sources */ = {
			isa = PBXSourcesBuildPhase;
			buildActionMask = 2147483647;
			files = (
				D8E95EE12432583000A2FCCD /* MainViewController.swift in Sources */,
				D8E95EDD2432583000A2FCCD /* AppDelegate.swift in Sources */,
				D8E95EDF2432583000A2FCCD /* SceneDelegate.swift in Sources */,
				D8E95EF32432641100A2FCCD /* OnBoardingViewController.swift in Sources */,
			);
			runOnlyForDeploymentPostprocessing = 0;
		};
/* End PBXSourcesBuildPhase section */

/* Begin PBXVariantGroup section */
		D8E95EE22432583000A2FCCD /* Main.storyboard */ = {
			isa = PBXVariantGroup;
			children = (
				D8E95EE32432583000A2FCCD /* Base */,
			);
			name = Main.storyboard;
			sourceTree = "<group>";
		};
		D8E95EE72432583200A2FCCD /* LaunchScreen.storyboard */ = {
			isa = PBXVariantGroup;
			children = (
				D8E95EE82432583200A2FCCD /* Base */,
			);
			name = LaunchScreen.storyboard;
			sourceTree = "<group>";
		};
/* End PBXVariantGroup section */

/* Begin XCBuildConfiguration section */
		D8E95EEB2432583200A2FCCD /* Debug */ = {
			isa = XCBuildConfiguration;
			buildSettings = {
				ALWAYS_SEARCH_USER_PATHS = NO;
				CLANG_ANALYZER_NONNULL = YES;
				CLANG_ANALYZER_NUMBER_OBJECT_CONVERSION = YES_AGGRESSIVE;
				CLANG_CXX_LANGUAGE_STANDARD = "gnu++14";
				CLANG_CXX_LIBRARY = "libc++";
				CLANG_ENABLE_MODULES = YES;
				CLANG_ENABLE_OBJC_ARC = YES;
				CLANG_ENABLE_OBJC_WEAK = YES;
				CLANG_WARN_BLOCK_CAPTURE_AUTORELEASING = YES;
				CLANG_WARN_BOOL_CONVERSION = YES;
				CLANG_WARN_COMMA = YES;
				CLANG_WARN_CONSTANT_CONVERSION = YES;
				CLANG_WARN_DEPRECATED_OBJC_IMPLEMENTATIONS = YES;
				CLANG_WARN_DIRECT_OBJC_ISA_USAGE = YES_ERROR;
				CLANG_WARN_DOCUMENTATION_COMMENTS = YES;
				CLANG_WARN_EMPTY_BODY = YES;
				CLANG_WARN_ENUM_CONVERSION = YES;
				CLANG_WARN_INFINITE_RECURSION = YES;
				CLANG_WARN_INT_CONVERSION = YES;
				CLANG_WARN_NON_LITERAL_NULL_CONVERSION = YES;
				CLANG_WARN_OBJC_IMPLICIT_RETAIN_SELF = YES;
				CLANG_WARN_OBJC_LITERAL_CONVERSION = YES;
				CLANG_WARN_OBJC_ROOT_CLASS = YES_ERROR;
				CLANG_WARN_RANGE_LOOP_ANALYSIS = YES;
				CLANG_WARN_STRICT_PROTOTYPES = YES;
				CLANG_WARN_SUSPICIOUS_MOVE = YES;
				CLANG_WARN_UNGUARDED_AVAILABILITY = YES_AGGRESSIVE;
				CLANG_WARN_UNREACHABLE_CODE = YES;
				CLANG_WARN__DUPLICATE_METHOD_MATCH = YES;
				COPY_PHASE_STRIP = NO;
				DEBUG_INFORMATION_FORMAT = dwarf;
				ENABLE_STRICT_OBJC_MSGSEND = YES;
				ENABLE_TESTABILITY = YES;
				GCC_C_LANGUAGE_STANDARD = gnu11;
				GCC_DYNAMIC_NO_PIC = NO;
				GCC_NO_COMMON_BLOCKS = YES;
				GCC_OPTIMIZATION_LEVEL = 0;
				GCC_PREPROCESSOR_DEFINITIONS = (
					"DEBUG=1",
					"$(inherited)",
				);
				GCC_WARN_64_TO_32_BIT_CONVERSION = YES;
				GCC_WARN_ABOUT_RETURN_TYPE = YES_ERROR;
				GCC_WARN_UNDECLARED_SELECTOR = YES;
				GCC_WARN_UNINITIALIZED_AUTOS = YES_AGGRESSIVE;
				GCC_WARN_UNUSED_FUNCTION = YES;
				GCC_WARN_UNUSED_VARIABLE = YES;
				IPHONEOS_DEPLOYMENT_TARGET = 13.4;
				MTL_ENABLE_DEBUG_INFO = INCLUDE_SOURCE;
				MTL_FAST_MATH = YES;
				ONLY_ACTIVE_ARCH = YES;
				SDKROOT = iphoneos;
				SWIFT_ACTIVE_COMPILATION_CONDITIONS = DEBUG;
				SWIFT_OPTIMIZATION_LEVEL = "-Onone";
			};
			name = Debug;
		};
		D8E95EEC2432583200A2FCCD /* Release */ = {
			isa = XCBuildConfiguration;
			buildSettings = {
				ALWAYS_SEARCH_USER_PATHS = NO;
				CLANG_ANALYZER_NONNULL = YES;
				CLANG_ANALYZER_NUMBER_OBJECT_CONVERSION = YES_AGGRESSIVE;
				CLANG_CXX_LANGUAGE_STANDARD = "gnu++14";
				CLANG_CXX_LIBRARY = "libc++";
				CLANG_ENABLE_MODULES = YES;
				CLANG_ENABLE_OBJC_ARC = YES;
				CLANG_ENABLE_OBJC_WEAK = YES;
				CLANG_WARN_BLOCK_CAPTURE_AUTORELEASING = YES;
				CLANG_WARN_BOOL_CONVERSION = YES;
				CLANG_WARN_COMMA = YES;
				CLANG_WARN_CONSTANT_CONVERSION = YES;
				CLANG_WARN_DEPRECATED_OBJC_IMPLEMENTATIONS = YES;
				CLANG_WARN_DIRECT_OBJC_ISA_USAGE = YES_ERROR;
				CLANG_WARN_DOCUMENTATION_COMMENTS = YES;
				CLANG_WARN_EMPTY_BODY = YES;
				CLANG_WARN_ENUM_CONVERSION = YES;
				CLANG_WARN_INFINITE_RECURSION = YES;
				CLANG_WARN_INT_CONVERSION = YES;
				CLANG_WARN_NON_LITERAL_NULL_CONVERSION = YES;
				CLANG_WARN_OBJC_IMPLICIT_RETAIN_SELF = YES;
				CLANG_WARN_OBJC_LITERAL_CONVERSION = YES;
				CLANG_WARN_OBJC_ROOT_CLASS = YES_ERROR;
				CLANG_WARN_RANGE_LOOP_ANALYSIS = YES;
				CLANG_WARN_STRICT_PROTOTYPES = YES;
				CLANG_WARN_SUSPICIOUS_MOVE = YES;
				CLANG_WARN_UNGUARDED_AVAILABILITY = YES_AGGRESSIVE;
				CLANG_WARN_UNREACHABLE_CODE = YES;
				CLANG_WARN__DUPLICATE_METHOD_MATCH = YES;
				COPY_PHASE_STRIP = NO;
				DEBUG_INFORMATION_FORMAT = "dwarf-with-dsym";
				ENABLE_NS_ASSERTIONS = NO;
				ENABLE_STRICT_OBJC_MSGSEND = YES;
				GCC_C_LANGUAGE_STANDARD = gnu11;
				GCC_NO_COMMON_BLOCKS = YES;
				GCC_WARN_64_TO_32_BIT_CONVERSION = YES;
				GCC_WARN_ABOUT_RETURN_TYPE = YES_ERROR;
				GCC_WARN_UNDECLARED_SELECTOR = YES;
				GCC_WARN_UNINITIALIZED_AUTOS = YES_AGGRESSIVE;
				GCC_WARN_UNUSED_FUNCTION = YES;
				GCC_WARN_UNUSED_VARIABLE = YES;
				IPHONEOS_DEPLOYMENT_TARGET = 13.4;
				MTL_ENABLE_DEBUG_INFO = NO;
				MTL_FAST_MATH = YES;
				SDKROOT = iphoneos;
				SWIFT_COMPILATION_MODE = wholemodule;
				SWIFT_OPTIMIZATION_LEVEL = "-O";
				VALIDATE_PRODUCT = YES;
			};
			name = Release;
		};
		D8E95EEE2432583200A2FCCD /* Debug */ = {
			isa = XCBuildConfiguration;
			buildSettings = {
				ASSETCATALOG_COMPILER_APPICON_NAME = AppIcon;
				CODE_SIGN_STYLE = Automatic;
				DEVELOPMENT_TEAM = LY3Q8QW3C2;
				INFOPLIST_FILE = MultipleView/Info.plist;
				LD_RUNPATH_SEARCH_PATHS = (
					"$(inherited)",
					"@executable_path/Frameworks",
				);
				PRODUCT_BUNDLE_IDENTIFIER = com.test.MultipleView;
				PRODUCT_NAME = "$(TARGET_NAME)";
				SWIFT_VERSION = 5.0;
				TARGETED_DEVICE_FAMILY = "1,2";
			};
			name = Debug;
		};
		D8E95EEF2432583200A2FCCD /* Release */ = {
			isa = XCBuildConfiguration;
			buildSettings = {
				ASSETCATALOG_COMPILER_APPICON_NAME = AppIcon;
				CODE_SIGN_STYLE = Automatic;
				DEVELOPMENT_TEAM = LY3Q8QW3C2;
				INFOPLIST_FILE = MultipleView/Info.plist;
				LD_RUNPATH_SEARCH_PATHS = (
					"$(inherited)",
					"@executable_path/Frameworks",
				);
				PRODUCT_BUNDLE_IDENTIFIER = com.test.MultipleView;
				PRODUCT_NAME = "$(TARGET_NAME)";
				SWIFT_VERSION = 5.0;
				TARGETED_DEVICE_FAMILY = "1,2";
			};
			name = Release;
		};
/* End XCBuildConfiguration section */

/* Begin XCConfigurationList section */
		D8E95ED42432583000A2FCCD /* Build configuration list for PBXProject "MultipleView" */ = {
			isa = XCConfigurationList;
			buildConfigurations = (
				D8E95EEB2432583200A2FCCD /* Debug */,
				D8E95EEC2432583200A2FCCD /* Release */,
			);
			defaultConfigurationIsVisible = 0;
			defaultConfigurationName = Release;
		};
		D8E95EED2432583200A2FCCD /* Build configuration list for PBXNativeTarget "MultipleView" */ = {
			isa = XCConfigurationList;
			buildConfigurations = (
				D8E95EEE2432583200A2FCCD /* Debug */,
				D8E95EEF2432583200A2FCCD /* Release */,
			);
			defaultConfigurationIsVisible = 0;
			defaultConfigurationName = Release;
		};
/* End XCConfigurationList section */
	};
	rootObject = D8E95ED12432583000A2FCCD /* Project object */;
}
